
Microsoft Visual Studio Solution File, Format Version 12.00
# Visual Studio Version 16
VisualStudioVersion = 16.0.31112.23
MinimumVisualStudioVersion = 10.0.40219.1
Project("{FAE04EC0-301F-11D3-BF4B-00C04F79EFBC}") = "Sort", "Sort\Sort.csproj", "{B46CF7AF-9E85-4227-AD3A-D1437D75278B}"
EndProject
Global
	GlobalSection(SolutionConfigurationPlatforms) = preSolution
		Debug|Any CPU = Debug|Any CPU
		Release|Any CPU = Release|Any CPU
	EndGlobalSection
	GlobalSection(ProjectConfigurationPlatforms) = postSolution
		{B46CF7AF-9E85-4227-AD3A-D1437D75278B}.Debug|Any CPU.ActiveCfg = Debug|Any CPU
		{B46CF7AF-9E85-4227-AD3A-D1437D75278B}.Debug|Any CPU.Build.0 = Debug|Any CPU
		{B46CF7AF-9E85-4227-AD3A-D1437D75278B}.Release|Any CPU.ActiveCfg = Release|Any CPU
		{B46CF7AF-9E85-4227-AD3A-D1437D75278B}.Release|Any CPU.Build.0 = Release|Any CPU
	EndGlobalSection
	GlobalSection(SolutionProperties) = preSolution
		HideSolutionNode = FALSE
	EndGlobalSection
	GlobalSection(ExtensibilityGlobals) = postSolution
		SolutionGuid = {A628CCEA-A27E-4966-A651-B6E35C198A39}
	EndGlobalSection
EndGlobal
